
Microsoft Visual Studio Solution File, Format Version 12.00
# Visual Studio Version 17
VisualStudioVersion = 17.14.36623.8
MinimumVisualStudioVersion = 10.0.40219.1
Project("{FAE04EC0-301F-11D3-BF4B-00C04F79EFBC}") = "K2-EducationProgramClient", "K2-EducationProgramClient\K2-EducationProgramClient.csproj", "{CD291B1F-FCCB-4699-93EA-B3F5C7D42143}"
EndProject
Global
	GlobalSection(SolutionConfigurationPlatforms) = preSolution
		Debug|Any CPU = Debug|Any CPU
		Debug|x64 = Debug|x64
		Debug|x86 = Debug|x86
		Release|Any CPU = Release|Any CPU
		Release|x64 = Release|x64
		Release|x86 = Release|x86
	EndGlobalSection
	GlobalSection(ProjectConfigurationPlatforms) = postSolution
		{CD291B1F-FCCB-4699-93EA-B3F5C7D42143}.Debug|Any CPU.ActiveCfg = Debug|Any CPU
		{CD291B1F-FCCB-4699-93EA-B3F5C7D42143}.Debug|Any CPU.Build.0 = Debug|Any CPU
		{CD291B1F-FCCB-4699-93EA-B3F5C7D42143}.Debug|x64.ActiveCfg = Debug|Any CPU
		{CD291B1F-FCCB-4699-93EA-B3F5C7D42143}.Debug|x64.Build.0 = Debug|Any CPU
		{CD291B1F-FCCB-4699-93EA-B3F5C7D42143}.Debug|x86.ActiveCfg = Debug|Any CPU
		{CD291B1F-FCCB-4699-93EA-B3F5C7D42143}.Debug|x86.Build.0 = Debug|Any CPU
		{CD291B1F-FCCB-4699-93EA-B3F5C7D42143}.Release|Any CPU.ActiveCfg = Release|Any CPU
		{CD291B1F-FCCB-4699-93EA-B3F5C7D42143}.Release|Any CPU.Build.0 = Release|Any CPU
		{CD291B1F-FCCB-4699-93EA-B3F5C7D42143}.Release|x64.ActiveCfg = Release|Any CPU
		{CD291B1F-FCCB-4699-93EA-B3F5C7D42143}.Release|x64.Build.0 = Release|Any CPU
		{CD291B1F-FCCB-4699-93EA-B3F5C7D42143}.Release|x86.ActiveCfg = Release|Any CPU
		{CD291B1F-FCCB-4699-93EA-B3F5C7D42143}.Release|x86.Build.0 = Release|Any CPU
	EndGlobalSection
	GlobalSection(SolutionProperties) = preSolution
		HideSolutionNode = FALSE
	EndGlobalSection
	GlobalSection(ExtensibilityGlobals) = postSolution
		SolutionGuid = {6371FEEC-5EF8-4340-86D7-E84FB4B5D9F2}
	EndGlobalSection
EndGlobal
